
Microsoft Visual Studio Solution File, Format Version 12.00
# Visual Studio Version 17
VisualStudioVersion = 17.4.33213.308
MinimumVisualStudioVersion = 10.0.40219.1
Project("{FAE04EC0-301F-11D3-BF4B-00C04F79EFBC}") = "LogsMonitor", "LogsMonitor\LogsMonitor.csproj", "{4097C0FB-7197-4F69-8C20-62445D8F0558}"
EndProject
Project("{FAE04EC0-301F-11D3-BF4B-00C04F79EFBC}") = "LogsMonitor.Entities", "LogsMonitor.Entities\LogsMonitor.Entities.csproj", "{FA6290B1-6BCC-4503-BBDF-7719378C717B}"
EndProject
Global
	GlobalSection(SolutionConfigurationPlatforms) = preSolution
		Debug|Any CPU = Debug|Any CPU
		Release|Any CPU = Release|Any CPU
	EndGlobalSection
	GlobalSection(ProjectConfigurationPlatforms) = postSolution
		{4097C0FB-7197-4F69-8C20-62445D8F0558}.Debug|Any CPU.ActiveCfg = Debug|Any CPU
		{4097C0FB-7197-4F69-8C20-62445D8F0558}.Debug|Any CPU.Build.0 = Debug|Any CPU
		{4097C0FB-7197-4F69-8C20-62445D8F0558}.Release|Any CPU.ActiveCfg = Release|Any CPU
		{4097C0FB-7197-4F69-8C20-62445D8F0558}.Release|Any CPU.Build.0 = Release|Any CPU
		{FA6290B1-6BCC-4503-BBDF-7719378C717B}.Debug|Any CPU.ActiveCfg = Debug|Any CPU
		{FA6290B1-6BCC-4503-BBDF-7719378C717B}.Debug|Any CPU.Build.0 = Debug|Any CPU
		{FA6290B1-6BCC-4503-BBDF-7719378C717B}.Release|Any CPU.ActiveCfg = Release|Any CPU
		{FA6290B1-6BCC-4503-BBDF-7719378C717B}.Release|Any CPU.Build.0 = Release|Any CPU
	EndGlobalSection
	GlobalSection(SolutionProperties) = preSolution
		HideSolutionNode = FALSE
	EndGlobalSection
	GlobalSection(ExtensibilityGlobals) = postSolution
		SolutionGuid = {FEAD3BF7-382B-44FF-814E-348ABDB41ACF}
	EndGlobalSection
EndGlobal
