
Microsoft Visual Studio Solution File, Format Version 12.00
# Visual Studio Version 17
VisualStudioVersion = 17.4.33213.308
MinimumVisualStudioVersion = 10.0.40219.1
Project("{9A19103F-16F7-4668-BE54-9A1E7A4F7556}") = "LogsMonitor", "LogsMonitor\LogsMonitor.csproj", "{4097C0FB-7197-4F69-8C20-62445D8F0558}"
EndProject
Project("{9A19103F-16F7-4668-BE54-9A1E7A4F7556}") = "LogsMonitor.Entities", "LogsMonitor.Entities\LogsMonitor.Entities.csproj", "{FA6290B1-6BCC-4503-BBDF-7719378C717B}"
EndProject
Project("{FAE04EC0-301F-11D3-BF4B-00C04F79EFBC}") = "LogsMonitor.Infrastructure.Interfaces", "LogsMonitor.Infrastructure.Interfaces\LogsMonitor.Infrastructure.Interfaces.csproj", "{F1D04FB4-2CFE-4C88-AB6A-AF7A83BF53B9}"
EndProject
Project("{FAE04EC0-301F-11D3-BF4B-00C04F79EFBC}") = "LogsMonitor.DataAccess.MSSQL", "LogsMonitor.DataAccess.MSSQL\LogsMonitor.DataAccess.MSSQL.csproj", "{CAEE4E80-BD32-49E2-B531-483246DC8BAB}"
EndProject
Global
	GlobalSection(SolutionConfigurationPlatforms) = preSolution
		Debug|Any CPU = Debug|Any CPU
		Release|Any CPU = Release|Any CPU
	EndGlobalSection
	GlobalSection(ProjectConfigurationPlatforms) = postSolution
		{4097C0FB-7197-4F69-8C20-62445D8F0558}.Debug|Any CPU.ActiveCfg = Debug|Any CPU
		{4097C0FB-7197-4F69-8C20-62445D8F0558}.Debug|Any CPU.Build.0 = Debug|Any CPU
		{4097C0FB-7197-4F69-8C20-62445D8F0558}.Release|Any CPU.ActiveCfg = Release|Any CPU
		{4097C0FB-7197-4F69-8C20-62445D8F0558}.Release|Any CPU.Build.0 = Release|Any CPU
		{FA6290B1-6BCC-4503-BBDF-7719378C717B}.Debug|Any CPU.ActiveCfg = Debug|Any CPU
		{FA6290B1-6BCC-4503-BBDF-7719378C717B}.Debug|Any CPU.Build.0 = Debug|Any CPU
		{FA6290B1-6BCC-4503-BBDF-7719378C717B}.Release|Any CPU.ActiveCfg = Release|Any CPU
		{FA6290B1-6BCC-4503-BBDF-7719378C717B}.Release|Any CPU.Build.0 = Release|Any CPU
		{F1D04FB4-2CFE-4C88-AB6A-AF7A83BF53B9}.Debug|Any CPU.ActiveCfg = Debug|Any CPU
		{F1D04FB4-2CFE-4C88-AB6A-AF7A83BF53B9}.Debug|Any CPU.Build.0 = Debug|Any CPU
		{F1D04FB4-2CFE-4C88-AB6A-AF7A83BF53B9}.Release|Any CPU.ActiveCfg = Release|Any CPU
		{F1D04FB4-2CFE-4C88-AB6A-AF7A83BF53B9}.Release|Any CPU.Build.0 = Release|Any CPU
		{CAEE4E80-BD32-49E2-B531-483246DC8BAB}.Debug|Any CPU.ActiveCfg = Debug|Any CPU
		{CAEE4E80-BD32-49E2-B531-483246DC8BAB}.Debug|Any CPU.Build.0 = Debug|Any CPU
		{CAEE4E80-BD32-49E2-B531-483246DC8BAB}.Release|Any CPU.ActiveCfg = Release|Any CPU
		{CAEE4E80-BD32-49E2-B531-483246DC8BAB}.Release|Any CPU.Build.0 = Release|Any CPU
	EndGlobalSection
	GlobalSection(SolutionProperties) = preSolution
		HideSolutionNode = FALSE
	EndGlobalSection
	GlobalSection(ExtensibilityGlobals) = postSolution
		SolutionGuid = {FEAD3BF7-382B-44FF-814E-348ABDB41ACF}
	EndGlobalSection
EndGlobal
