
Microsoft Visual Studio Solution File, Format Version 12.00
# Visual Studio Version 17
VisualStudioVersion = 17.4.33213.308
MinimumVisualStudioVersion = 10.0.40219.1
Project("{9A19103F-16F7-4668-BE54-9A1E7A4F7556}") = "LogsMonitor", "LogsMonitor\LogsMonitor.csproj", "{4097C0FB-7197-4F69-8C20-62445D8F0558}"
EndProject
Project("{9A19103F-16F7-4668-BE54-9A1E7A4F7556}") = "LogsMonitor.Entities", "LogsMonitor.Entities\LogsMonitor.Entities.csproj", "{FA6290B1-6BCC-4503-BBDF-7719378C717B}"
EndProject
Project("{9A19103F-16F7-4668-BE54-9A1E7A4F7556}") = "LogsMonitor.Infrastructure.Interfaces", "LogsMonitor.Infrastructure.Interfaces\LogsMonitor.Infrastructure.Interfaces.csproj", "{F1D04FB4-2CFE-4C88-AB6A-AF7A83BF53B9}"
EndProject
Project("{9A19103F-16F7-4668-BE54-9A1E7A4F7556}") = "LogsMonitor.DataAccess.MSSQL", "LogsMonitor.DataAccess.MSSQL\LogsMonitor.DataAccess.MSSQL.csproj", "{CAEE4E80-BD32-49E2-B531-483246DC8BAB}"
EndProject
Project("{9A19103F-16F7-4668-BE54-9A1E7A4F7556}") = "LogsMonitor.Application", "LogsMonitor.Application\LogsMonitor.Application.csproj", "{CFB483E6-CE70-48C9-8137-D5D8BF4D507F}"
EndProject
Project("{9A19103F-16F7-4668-BE54-9A1E7A4F7556}") = "LogMonitor.DomainServices.Interfaces", "LogMonitor.DomainServices.Interfaces\LogMonitor.DomainServices.Interfaces.csproj", "{3B98D342-9541-4E86-AF70-FB471CFF0FF8}"
EndProject
Project("{9A19103F-16F7-4668-BE54-9A1E7A4F7556}") = "LogMonitor.DomainServices.Implementation", "LogMonitor.DomainServices.Implementation\LogMonitor.DomainServices.Implementation.csproj", "{554575A2-2D9B-4F16-94A1-6B861CD40C74}"
EndProject
Project("{2150E333-8FDC-42A3-9474-1A3956D46DE8}") = "Domain", "Domain", "{D6958C84-2F5A-4232-A9C0-99C847BAF5F0}"
EndProject
Project("{2150E333-8FDC-42A3-9474-1A3956D46DE8}") = "Core", "Core", "{8DB0EB46-D89B-48A2-A5E1-0EC1C6B6F3EC}"
EndProject
Project("{2150E333-8FDC-42A3-9474-1A3956D46DE8}") = "Frameworks", "Frameworks", "{7568E352-BB6B-4FF8-9C2E-1FB2D8D32C2D}"
EndProject
Project("{2150E333-8FDC-42A3-9474-1A3956D46DE8}") = "Controllers", "Controllers", "{5C6C7287-A824-49B3-8347-C9BFF2C2D841}"
EndProject
Project("{9A19103F-16F7-4668-BE54-9A1E7A4F7556}") = "LogsMonitor.Controllers", "LogsMonitor.Controllers\LogsMonitor.Controllers.csproj", "{E977B4D1-067F-48F1-99E7-4C577EC3F2CC}"
EndProject
Project("{2150E333-8FDC-42A3-9474-1A3956D46DE8}") = "Tests", "Tests", "{EDEB61BC-C510-40EC-9C70-AE2BDAF69B3A}"
EndProject
Project("{9A19103F-16F7-4668-BE54-9A1E7A4F7556}") = "LogsMonitor.Application.Tests", "LogsMonitor.Application.Tests\LogsMonitor.Application.Tests.csproj", "{C5C4EB55-DE9C-4E4A-9980-580703991BA5}"
EndProject
Project("{FAE04EC0-301F-11D3-BF4B-00C04F79EFBC}") = "LogsMonitor.DataAccess.PostgreSQL", "LogsMonitor.DataAccess.PostgreSQL\LogsMonitor.DataAccess.PostgreSQL.csproj", "{684CDC8D-F54B-4F70-B401-E1B01A5E737F}"
EndProject
Global
	GlobalSection(SolutionConfigurationPlatforms) = preSolution
		Debug|Any CPU = Debug|Any CPU
		Release|Any CPU = Release|Any CPU
	EndGlobalSection
	GlobalSection(ProjectConfigurationPlatforms) = postSolution
		{4097C0FB-7197-4F69-8C20-62445D8F0558}.Debug|Any CPU.ActiveCfg = Debug|Any CPU
		{4097C0FB-7197-4F69-8C20-62445D8F0558}.Debug|Any CPU.Build.0 = Debug|Any CPU
		{4097C0FB-7197-4F69-8C20-62445D8F0558}.Release|Any CPU.ActiveCfg = Release|Any CPU
		{4097C0FB-7197-4F69-8C20-62445D8F0558}.Release|Any CPU.Build.0 = Release|Any CPU
		{FA6290B1-6BCC-4503-BBDF-7719378C717B}.Debug|Any CPU.ActiveCfg = Debug|Any CPU
		{FA6290B1-6BCC-4503-BBDF-7719378C717B}.Debug|Any CPU.Build.0 = Debug|Any CPU
		{FA6290B1-6BCC-4503-BBDF-7719378C717B}.Release|Any CPU.ActiveCfg = Release|Any CPU
		{FA6290B1-6BCC-4503-BBDF-7719378C717B}.Release|Any CPU.Build.0 = Release|Any CPU
		{F1D04FB4-2CFE-4C88-AB6A-AF7A83BF53B9}.Debug|Any CPU.ActiveCfg = Debug|Any CPU
		{F1D04FB4-2CFE-4C88-AB6A-AF7A83BF53B9}.Debug|Any CPU.Build.0 = Debug|Any CPU
		{F1D04FB4-2CFE-4C88-AB6A-AF7A83BF53B9}.Release|Any CPU.ActiveCfg = Release|Any CPU
		{F1D04FB4-2CFE-4C88-AB6A-AF7A83BF53B9}.Release|Any CPU.Build.0 = Release|Any CPU
		{CAEE4E80-BD32-49E2-B531-483246DC8BAB}.Debug|Any CPU.ActiveCfg = Debug|Any CPU
		{CAEE4E80-BD32-49E2-B531-483246DC8BAB}.Debug|Any CPU.Build.0 = Debug|Any CPU
		{CAEE4E80-BD32-49E2-B531-483246DC8BAB}.Release|Any CPU.ActiveCfg = Release|Any CPU
		{CAEE4E80-BD32-49E2-B531-483246DC8BAB}.Release|Any CPU.Build.0 = Release|Any CPU
		{CFB483E6-CE70-48C9-8137-D5D8BF4D507F}.Debug|Any CPU.ActiveCfg = Debug|Any CPU
		{CFB483E6-CE70-48C9-8137-D5D8BF4D507F}.Debug|Any CPU.Build.0 = Debug|Any CPU
		{CFB483E6-CE70-48C9-8137-D5D8BF4D507F}.Release|Any CPU.ActiveCfg = Release|Any CPU
		{CFB483E6-CE70-48C9-8137-D5D8BF4D507F}.Release|Any CPU.Build.0 = Release|Any CPU
		{3B98D342-9541-4E86-AF70-FB471CFF0FF8}.Debug|Any CPU.ActiveCfg = Debug|Any CPU
		{3B98D342-9541-4E86-AF70-FB471CFF0FF8}.Debug|Any CPU.Build.0 = Debug|Any CPU
		{3B98D342-9541-4E86-AF70-FB471CFF0FF8}.Release|Any CPU.ActiveCfg = Release|Any CPU
		{3B98D342-9541-4E86-AF70-FB471CFF0FF8}.Release|Any CPU.Build.0 = Release|Any CPU
		{554575A2-2D9B-4F16-94A1-6B861CD40C74}.Debug|Any CPU.ActiveCfg = Debug|Any CPU
		{554575A2-2D9B-4F16-94A1-6B861CD40C74}.Debug|Any CPU.Build.0 = Debug|Any CPU
		{554575A2-2D9B-4F16-94A1-6B861CD40C74}.Release|Any CPU.ActiveCfg = Release|Any CPU
		{554575A2-2D9B-4F16-94A1-6B861CD40C74}.Release|Any CPU.Build.0 = Release|Any CPU
		{E977B4D1-067F-48F1-99E7-4C577EC3F2CC}.Debug|Any CPU.ActiveCfg = Debug|Any CPU
		{E977B4D1-067F-48F1-99E7-4C577EC3F2CC}.Debug|Any CPU.Build.0 = Debug|Any CPU
		{E977B4D1-067F-48F1-99E7-4C577EC3F2CC}.Release|Any CPU.ActiveCfg = Release|Any CPU
		{E977B4D1-067F-48F1-99E7-4C577EC3F2CC}.Release|Any CPU.Build.0 = Release|Any CPU
		{C5C4EB55-DE9C-4E4A-9980-580703991BA5}.Debug|Any CPU.ActiveCfg = Debug|Any CPU
		{C5C4EB55-DE9C-4E4A-9980-580703991BA5}.Debug|Any CPU.Build.0 = Debug|Any CPU
		{C5C4EB55-DE9C-4E4A-9980-580703991BA5}.Release|Any CPU.ActiveCfg = Release|Any CPU
		{C5C4EB55-DE9C-4E4A-9980-580703991BA5}.Release|Any CPU.Build.0 = Release|Any CPU
		{684CDC8D-F54B-4F70-B401-E1B01A5E737F}.Debug|Any CPU.ActiveCfg = Debug|Any CPU
		{684CDC8D-F54B-4F70-B401-E1B01A5E737F}.Debug|Any CPU.Build.0 = Debug|Any CPU
		{684CDC8D-F54B-4F70-B401-E1B01A5E737F}.Release|Any CPU.ActiveCfg = Release|Any CPU
		{684CDC8D-F54B-4F70-B401-E1B01A5E737F}.Release|Any CPU.Build.0 = Release|Any CPU
	EndGlobalSection
	GlobalSection(SolutionProperties) = preSolution
		HideSolutionNode = FALSE
	EndGlobalSection
	GlobalSection(NestedProjects) = preSolution
		{4097C0FB-7197-4F69-8C20-62445D8F0558} = {7568E352-BB6B-4FF8-9C2E-1FB2D8D32C2D}
		{FA6290B1-6BCC-4503-BBDF-7719378C717B} = {D6958C84-2F5A-4232-A9C0-99C847BAF5F0}
		{F1D04FB4-2CFE-4C88-AB6A-AF7A83BF53B9} = {8DB0EB46-D89B-48A2-A5E1-0EC1C6B6F3EC}
		{CAEE4E80-BD32-49E2-B531-483246DC8BAB} = {7568E352-BB6B-4FF8-9C2E-1FB2D8D32C2D}
		{CFB483E6-CE70-48C9-8137-D5D8BF4D507F} = {8DB0EB46-D89B-48A2-A5E1-0EC1C6B6F3EC}
		{3B98D342-9541-4E86-AF70-FB471CFF0FF8} = {D6958C84-2F5A-4232-A9C0-99C847BAF5F0}
		{554575A2-2D9B-4F16-94A1-6B861CD40C74} = {D6958C84-2F5A-4232-A9C0-99C847BAF5F0}
		{E977B4D1-067F-48F1-99E7-4C577EC3F2CC} = {5C6C7287-A824-49B3-8347-C9BFF2C2D841}
		{C5C4EB55-DE9C-4E4A-9980-580703991BA5} = {EDEB61BC-C510-40EC-9C70-AE2BDAF69B3A}
		{684CDC8D-F54B-4F70-B401-E1B01A5E737F} = {7568E352-BB6B-4FF8-9C2E-1FB2D8D32C2D}
	EndGlobalSection
	GlobalSection(ExtensibilityGlobals) = postSolution
		SolutionGuid = {FEAD3BF7-382B-44FF-814E-348ABDB41ACF}
	EndGlobalSection
EndGlobal
